
Microsoft Visual Studio Solution File, Format Version 12.00
# Visual Studio 2017
Project("{FAE04EC0-301F-11D3-BF4B-00C04F79EFBC}") = "3D_Darts", "3D_Darts.csproj", "{81C38EA5-5823-C964-03C7-EB18E69955D3}"
EndProject
Global
	GlobalSection(SolutionConfigurationPlatforms) = preSolution
		Debug|Any CPU = Debug|Any CPU
		Release|Any CPU = Release|Any CPU
	EndGlobalSection
	GlobalSection(ProjectConfigurationPlatforms) = postSolution
		{81C38EA5-5823-C964-03C7-EB18E69955D3}.Debug|Any CPU.ActiveCfg = Debug|Any CPU
		{81C38EA5-5823-C964-03C7-EB18E69955D3}.Debug|Any CPU.Build.0 = Debug|Any CPU
		{81C38EA5-5823-C964-03C7-EB18E69955D3}.Release|Any CPU.ActiveCfg = Release|Any CPU
		{81C38EA5-5823-C964-03C7-EB18E69955D3}.Release|Any CPU.Build.0 = Release|Any CPU
	EndGlobalSection
	GlobalSection(SolutionProperties) = preSolution
		HideSolutionNode = FALSE
	EndGlobalSection
EndGlobal
